// !$*UTF8*$!
{
	archiveVersion = 1;
	classes = {
	};
	objectVersion = 77;
	objects = {

/* Begin PBXBuildFile section */
		990DBD692F0E022000E11848 /* ChatBubble.swift in Sources */ = {isa = PBXBuildFile; fileRef = 990DBD682F0E022000E11848 /* ChatBubble.swift */; };
		9956B1952F0CAFAC00132D15 /* Assets.xcassets in Resources */ = {isa = PBXBuildFile; fileRef = 9956B1912F0CAFAC00132D15 /* Assets.xcassets */; };
		9956B1962F0CAFAC00132D15 /* Localizable.strings in Resources */ = {isa = PBXBuildFile; fileRef = 9956B16A2F0CAFAC00132D15 /* Localizable.strings */; };
		9956B1972F0CAFAC00132D15 /* HistoryManager.swift in Sources */ = {isa = PBXBuildFile; fileRef = 9956B15D2F0CAFAC00132D15 /* HistoryManager.swift */; };
		9956B1982F0CAFAC00132D15 /* SettingsView.swift in Sources */ = {isa = PBXBuildFile; fileRef = 9956B18D2F0CAFAC00132D15 /* SettingsView.swift */; };
		9956B1992F0CAFAC00132D15 /* AppSettings.swift in Sources */ = {isa = PBXBuildFile; fileRef = 9956B1622F0CAFAC00132D15 /* AppSettings.swift */; };
		9956B19A2F0CAFAC00132D15 /* LoadingOverlay.swift in Sources */ = {isa = PBXBuildFile; fileRef = 9956B1872F0CAFAC00132D15 /* LoadingOverlay.swift */; };
		9956B19B2F0CAFAC00132D15 /* GameSessionViewModel.swift in Sources */ = {isa = PBXBuildFile; fileRef = 9956B17F2F0CAFAC00132D15 /* GameSessionViewModel.swift */; };
		9956B19C2F0CAFAC00132D15 /* SettingsViewModel.swift in Sources */ = {isa = PBXBuildFile; fileRef = 9956B1802F0CAFAC00132D15 /* SettingsViewModel.swift */; };
		9956B19D2F0CAFAC00132D15 /* View+Loading.swift in Sources */ = {isa = PBXBuildFile; fileRef = 9956B1792F0CAFAC00132D15 /* View+Loading.swift */; };
		9956B19E2F0CAFAC00132D15 /* Game.swift in Sources */ = {isa = PBXBuildFile; fileRef = 9956B1662F0CAFAC00132D15 /* Game.swift */; };
		9956B19F2F0CAFAC00132D15 /* AppDelegate.swift in Sources */ = {isa = PBXBuildFile; fileRef = 9956B15A2F0CAFAC00132D15 /* AppDelegate.swift */; };
		9956B1A12F0CAFAC00132D15 /* RecordButton.swift in Sources */ = {isa = PBXBuildFile; fileRef = 9956B1882F0CAFAC00132D15 /* RecordButton.swift */; };
		9956B1A22F0CAFAC00132D15 /* PermissionManager.swift in Sources */ = {isa = PBXBuildFile; fileRef = 9956B15E2F0CAFAC00132D15 /* PermissionManager.swift */; };
		9956B1A32F0CAFAC00132D15 /* TTSService.swift in Sources */ = {isa = PBXBuildFile; fileRef = 9956B1752F0CAFAC00132D15 /* TTSService.swift */; };
		9956B1A42F0CAFAC00132D15 /* GameMenuView.swift in Sources */ = {isa = PBXBuildFile; fileRef = 9956B18A2F0CAFAC00132D15 /* GameMenuView.swift */; };
		9956B1A52F0CAFAC00132D15 /* SettingsStore.swift in Sources */ = {isa = PBXBuildFile; fileRef = 9956B1602F0CAFAC00132D15 /* SettingsStore.swift */; };
		9956B1A62F0CAFAC00132D15 /* APIEndpoints.swift in Sources */ = {isa = PBXBuildFile; fileRef = 9956B16E2F0CAFAC00132D15 /* APIEndpoints.swift */; };
		9956B1A72F0CAFAC00132D15 /* ChatRequest.swift in Sources */ = {isa = PBXBuildFile; fileRef = 9956B1642F0CAFAC00132D15 /* ChatRequest.swift */; };
		9956B1A82F0CAFAC00132D15 /* SessionManager.swift in Sources */ = {isa = PBXBuildFile; fileRef = 9956B15F2F0CAFAC00132D15 /* SessionManager.swift */; };
		9956B1A92F0CAFAC00132D15 /* HTTPClient.swift in Sources */ = {isa = PBXBuildFile; fileRef = 9956B16F2F0CAFAC00132D15 /* HTTPClient.swift */; };
		9956B1AA2F0CAFAC00132D15 /* StatusBanner.swift in Sources */ = {isa = PBXBuildFile; fileRef = 9956B1842F0CAFAC00132D15 /* StatusBanner.swift */; };
		9956B1AB2F0CAFAC00132D15 /* SpeechRecognitionService.swift in Sources */ = {isa = PBXBuildFile; fileRef = 9956B1732F0CAFAC00132D15 /* SpeechRecognitionService.swift */; };
		9956B1AC2F0CAFAC00132D15 /* ChatResponse.swift in Sources */ = {isa = PBXBuildFile; fileRef = 9956B1652F0CAFAC00132D15 /* ChatResponse.swift */; };
		9956B1AD2F0CAFAC00132D15 /* KeywordsResponse.swift in Sources */ = {isa = PBXBuildFile; fileRef = 9956B1672F0CAFAC00132D15 /* KeywordsResponse.swift */; };
		9956B1AE2F0CAFAC00132D15 /* ContentView.swift in Sources */ = {isa = PBXBuildFile; fileRef = 9956B1922F0CAFAC00132D15 /* ContentView.swift */; };
		9956B1AF2F0CAFAC00132D15 /* KeywordInjectionManager.swift in Sources */ = {isa = PBXBuildFile; fileRef = 9956B1722F0CAFAC00132D15 /* KeywordInjectionManager.swift */; };
		9956B1B02F0CAFAC00132D15 /* CountdownIndicator.swift in Sources */ = {isa = PBXBuildFile; fileRef = 9956B1832F0CAFAC00132D15 /* CountdownIndicator.swift */; };
		9956B1B12F0CAFAC00132D15 /* Publisher+Timeout.swift in Sources */ = {isa = PBXBuildFile; fileRef = 9956B1782F0CAFAC00132D15 /* Publisher+Timeout.swift */; };
		9956B1B22F0CAFAC00132D15 /* ChatMessage.swift in Sources */ = {isa = PBXBuildFile; fileRef = 9956B1632F0CAFAC00132D15 /* ChatMessage.swift */; };
		9956B1B32F0CAFAC00132D15 /* TTSSettingsViewModel.swift in Sources */ = {isa = PBXBuildFile; fileRef = 9956B1812F0CAFAC00132D15 /* TTSSettingsViewModel.swift */; };
		9956B1B42F0CAFAC00132D15 /* ServerDiscoveryResponse.swift in Sources */ = {isa = PBXBuildFile; fileRef = 9956B1682F0CAFAC00132D15 /* ServerDiscoveryResponse.swift */; };
		9956B1B52F0CAFAC00132D15 /* SoundPlayer.swift in Sources */ = {isa = PBXBuildFile; fileRef = 9956B17C2F0CAFAC00132D15 /* SoundPlayer.swift */; };
		9956B1B62F0CAFAC00132D15 /* NetworkError.swift in Sources */ = {isa = PBXBuildFile; fileRef = 9956B1702F0CAFAC00132D15 /* NetworkError.swift */; };
		9956B1B72F0CAFAC00132D15 /* UDPDiscoveryService.swift in Sources */ = {isa = PBXBuildFile; fileRef = 9956B16C2F0CAFAC00132D15 /* UDPDiscoveryService.swift */; };
		9956B1B82F0CAFAC00132D15 /* ConnectionSettingsView.swift in Sources */ = {isa = PBXBuildFile; fileRef = 9956B18C2F0CAFAC00132D15 /* ConnectionSettingsView.swift */; };
		9956B1B92F0CAFAC00132D15 /* GameMenuViewModel.swift in Sources */ = {isa = PBXBuildFile; fileRef = 9956B17E2F0CAFAC00132D15 /* GameMenuViewModel.swift */; };
		9956B1BA2F0CAFAC00132D15 /* Constants.swift in Sources */ = {isa = PBXBuildFile; fileRef = 9956B17B2F0CAFAC00132D15 /* Constants.swift */; };
		9956B1BB2F0CAFAC00132D15 /* GameSessionView.swift in Sources */ = {isa = PBXBuildFile; fileRef = 9956B1862F0CAFAC00132D15 /* GameSessionView.swift */; };
		9956B1BC2F0CAFAC00132D15 /* TTSSettingsView.swift in Sources */ = {isa = PBXBuildFile; fileRef = 9956B18E2F0CAFAC00132D15 /* TTSSettingsView.swift */; };
		9956B1BD2F0CAFAC00132D15 /* ProjectAkkaApp.swift in Sources */ = {isa = PBXBuildFile; fileRef = 9956B15B2F0CAFAC00132D15 /* ProjectAkkaApp.swift */; };
/* End PBXBuildFile section */

/* Begin PBXFileReference section */
		990DBD682F0E022000E11848 /* ChatBubble.swift */ = {isa = PBXFileReference; lastKnownFileType = sourcecode.swift; path = ChatBubble.swift; sourceTree = "<group>"; };
		991267E12F0CA87300DC322C /* ProjectAkkaApp.app */ = {isa = PBXFileReference; explicitFileType = wrapper.application; includeInIndex = 0; path = ProjectAkkaApp.app; sourceTree = BUILT_PRODUCTS_DIR; };
		9956B15A2F0CAFAC00132D15 /* AppDelegate.swift */ = {isa = PBXFileReference; lastKnownFileType = sourcecode.swift; path = AppDelegate.swift; sourceTree = "<group>"; };
		9956B15B2F0CAFAC00132D15 /* ProjectAkkaApp.swift */ = {isa = PBXFileReference; lastKnownFileType = sourcecode.swift; path = ProjectAkkaApp.swift; sourceTree = "<group>"; };
		9956B15D2F0CAFAC00132D15 /* HistoryManager.swift */ = {isa = PBXFileReference; lastKnownFileType = sourcecode.swift; path = HistoryManager.swift; sourceTree = "<group>"; };
		9956B15E2F0CAFAC00132D15 /* PermissionManager.swift */ = {isa = PBXFileReference; lastKnownFileType = sourcecode.swift; path = PermissionManager.swift; sourceTree = "<group>"; };
		9956B15F2F0CAFAC00132D15 /* SessionManager.swift */ = {isa = PBXFileReference; lastKnownFileType = sourcecode.swift; path = SessionManager.swift; sourceTree = "<group>"; };
		9956B1602F0CAFAC00132D15 /* SettingsStore.swift */ = {isa = PBXFileReference; lastKnownFileType = sourcecode.swift; path = SettingsStore.swift; sourceTree = "<group>"; };
		9956B1622F0CAFAC00132D15 /* AppSettings.swift */ = {isa = PBXFileReference; lastKnownFileType = sourcecode.swift; path = AppSettings.swift; sourceTree = "<group>"; };
		9956B1632F0CAFAC00132D15 /* ChatMessage.swift */ = {isa = PBXFileReference; lastKnownFileType = sourcecode.swift; path = ChatMessage.swift; sourceTree = "<group>"; };
		9956B1642F0CAFAC00132D15 /* ChatRequest.swift */ = {isa = PBXFileReference; lastKnownFileType = sourcecode.swift; path = ChatRequest.swift; sourceTree = "<group>"; };
		9956B1652F0CAFAC00132D15 /* ChatResponse.swift */ = {isa = PBXFileReference; lastKnownFileType = sourcecode.swift; path = ChatResponse.swift; sourceTree = "<group>"; };
		9956B1662F0CAFAC00132D15 /* Game.swift */ = {isa = PBXFileReference; lastKnownFileType = sourcecode.swift; path = Game.swift; sourceTree = "<group>"; };
		9956B1672F0CAFAC00132D15 /* KeywordsResponse.swift */ = {isa = PBXFileReference; lastKnownFileType = sourcecode.swift; path = KeywordsResponse.swift; sourceTree = "<group>"; };
		9956B1682F0CAFAC00132D15 /* ServerDiscoveryResponse.swift */ = {isa = PBXFileReference; lastKnownFileType = sourcecode.swift; path = ServerDiscoveryResponse.swift; sourceTree = "<group>"; };
		9956B16A2F0CAFAC00132D15 /* Localizable.strings */ = {isa = PBXFileReference; lastKnownFileType = text.plist.strings; path = Localizable.strings; sourceTree = "<group>"; };
		9956B16C2F0CAFAC00132D15 /* UDPDiscoveryService.swift */ = {isa = PBXFileReference; lastKnownFileType = sourcecode.swift; path = UDPDiscoveryService.swift; sourceTree = "<group>"; };
		9956B16E2F0CAFAC00132D15 /* APIEndpoints.swift */ = {isa = PBXFileReference; lastKnownFileType = sourcecode.swift; path = APIEndpoints.swift; sourceTree = "<group>"; };
		9956B16F2F0CAFAC00132D15 /* HTTPClient.swift */ = {isa = PBXFileReference; lastKnownFileType = sourcecode.swift; path = HTTPClient.swift; sourceTree = "<group>"; };
		9956B1702F0CAFAC00132D15 /* NetworkError.swift */ = {isa = PBXFileReference; lastKnownFileType = sourcecode.swift; path = NetworkError.swift; sourceTree = "<group>"; };
		9956B1722F0CAFAC00132D15 /* KeywordInjectionManager.swift */ = {isa = PBXFileReference; lastKnownFileType = sourcecode.swift; path = KeywordInjectionManager.swift; sourceTree = "<group>"; };
		9956B1732F0CAFAC00132D15 /* SpeechRecognitionService.swift */ = {isa = PBXFileReference; lastKnownFileType = sourcecode.swift; path = SpeechRecognitionService.swift; sourceTree = "<group>"; };
		9956B1752F0CAFAC00132D15 /* TTSService.swift */ = {isa = PBXFileReference; lastKnownFileType = sourcecode.swift; path = TTSService.swift; sourceTree = "<group>"; };
		9956B1782F0CAFAC00132D15 /* Publisher+Timeout.swift */ = {isa = PBXFileReference; lastKnownFileType = sourcecode.swift; path = "Publisher+Timeout.swift"; sourceTree = "<group>"; };
		9956B1792F0CAFAC00132D15 /* View+Loading.swift */ = {isa = PBXFileReference; lastKnownFileType = sourcecode.swift; path = "View+Loading.swift"; sourceTree = "<group>"; };
		9956B17B2F0CAFAC00132D15 /* Constants.swift */ = {isa = PBXFileReference; lastKnownFileType = sourcecode.swift; path = Constants.swift; sourceTree = "<group>"; };
		9956B17C2F0CAFAC00132D15 /* SoundPlayer.swift */ = {isa = PBXFileReference; lastKnownFileType = sourcecode.swift; path = SoundPlayer.swift; sourceTree = "<group>"; };
		9956B17E2F0CAFAC00132D15 /* GameMenuViewModel.swift */ = {isa = PBXFileReference; lastKnownFileType = sourcecode.swift; path = GameMenuViewModel.swift; sourceTree = "<group>"; };
		9956B17F2F0CAFAC00132D15 /* GameSessionViewModel.swift */ = {isa = PBXFileReference; lastKnownFileType = sourcecode.swift; path = GameSessionViewModel.swift; sourceTree = "<group>"; };
		9956B1802F0CAFAC00132D15 /* SettingsViewModel.swift */ = {isa = PBXFileReference; lastKnownFileType = sourcecode.swift; path = SettingsViewModel.swift; sourceTree = "<group>"; };
		9956B1812F0CAFAC00132D15 /* TTSSettingsViewModel.swift */ = {isa = PBXFileReference; lastKnownFileType = sourcecode.swift; path = TTSSettingsViewModel.swift; sourceTree = "<group>"; };
		9956B1832F0CAFAC00132D15 /* CountdownIndicator.swift */ = {isa = PBXFileReference; lastKnownFileType = sourcecode.swift; path = CountdownIndicator.swift; sourceTree = "<group>"; };
		9956B1842F0CAFAC00132D15 /* StatusBanner.swift */ = {isa = PBXFileReference; lastKnownFileType = sourcecode.swift; path = StatusBanner.swift; sourceTree = "<group>"; };
		9956B1862F0CAFAC00132D15 /* GameSessionView.swift */ = {isa = PBXFileReference; lastKnownFileType = sourcecode.swift; path = GameSessionView.swift; sourceTree = "<group>"; };
		9956B1872F0CAFAC00132D15 /* LoadingOverlay.swift */ = {isa = PBXFileReference; lastKnownFileType = sourcecode.swift; path = LoadingOverlay.swift; sourceTree = "<group>"; };
		9956B1882F0CAFAC00132D15 /* RecordButton.swift */ = {isa = PBXFileReference; lastKnownFileType = sourcecode.swift; path = RecordButton.swift; sourceTree = "<group>"; };
		9956B18A2F0CAFAC00132D15 /* GameMenuView.swift */ = {isa = PBXFileReference; lastKnownFileType = sourcecode.swift; path = GameMenuView.swift; sourceTree = "<group>"; };
		9956B18C2F0CAFAC00132D15 /* ConnectionSettingsView.swift */ = {isa = PBXFileReference; lastKnownFileType = sourcecode.swift; path = ConnectionSettingsView.swift; sourceTree = "<group>"; };
		9956B18D2F0CAFAC00132D15 /* SettingsView.swift */ = {isa = PBXFileReference; lastKnownFileType = sourcecode.swift; path = SettingsView.swift; sourceTree = "<group>"; };
		9956B18E2F0CAFAC00132D15 /* TTSSettingsView.swift */ = {isa = PBXFileReference; lastKnownFileType = sourcecode.swift; path = TTSSettingsView.swift; sourceTree = "<group>"; };
		9956B1912F0CAFAC00132D15 /* Assets.xcassets */ = {isa = PBXFileReference; lastKnownFileType = folder.assetcatalog; path = Assets.xcassets; sourceTree = "<group>"; };
		9956B1922F0CAFAC00132D15 /* ContentView.swift */ = {isa = PBXFileReference; lastKnownFileType = sourcecode.swift; path = ContentView.swift; sourceTree = "<group>"; };
/* End PBXFileReference section */

/* Begin PBXFrameworksBuildPhase section */
		991267DE2F0CA87300DC322C /* Frameworks */ = {
			isa = PBXFrameworksBuildPhase;
			buildActionMask = 2147483647;
			files = (
			);
			runOnlyForDeploymentPostprocessing = 0;
		};
/* End PBXFrameworksBuildPhase section */

/* Begin PBXGroup section */
		991267D82F0CA87300DC322C = {
			isa = PBXGroup;
			children = (
				9956B1942F0CAFAC00132D15 /* ProjectAkkaApp */,
				991267E22F0CA87300DC322C /* Products */,
			);
			sourceTree = "<group>";
		};
		991267E22F0CA87300DC322C /* Products */ = {
			isa = PBXGroup;
			children = (
				991267E12F0CA87300DC322C /* ProjectAkkaApp.app */,
			);
			name = Products;
			sourceTree = "<group>";
		};
		9956B15C2F0CAFAC00132D15 /* App */ = {
			isa = PBXGroup;
			children = (
				9956B15A2F0CAFAC00132D15 /* AppDelegate.swift */,
				9956B15B2F0CAFAC00132D15 /* ProjectAkkaApp.swift */,
			);
			path = App;
			sourceTree = "<group>";
		};
		9956B1612F0CAFAC00132D15 /* Managers */ = {
			isa = PBXGroup;
			children = (
				9956B15D2F0CAFAC00132D15 /* HistoryManager.swift */,
				9956B15E2F0CAFAC00132D15 /* PermissionManager.swift */,
				9956B15F2F0CAFAC00132D15 /* SessionManager.swift */,
				9956B1602F0CAFAC00132D15 /* SettingsStore.swift */,
			);
			path = Managers;
			sourceTree = "<group>";
		};
		9956B1692F0CAFAC00132D15 /* Models */ = {
			isa = PBXGroup;
			children = (
				9956B1622F0CAFAC00132D15 /* AppSettings.swift */,
				9956B1632F0CAFAC00132D15 /* ChatMessage.swift */,
				9956B1642F0CAFAC00132D15 /* ChatRequest.swift */,
				9956B1652F0CAFAC00132D15 /* ChatResponse.swift */,
				9956B1662F0CAFAC00132D15 /* Game.swift */,
				9956B1672F0CAFAC00132D15 /* KeywordsResponse.swift */,
				9956B1682F0CAFAC00132D15 /* ServerDiscoveryResponse.swift */,
			);
			path = Models;
			sourceTree = "<group>";
		};
		9956B16B2F0CAFAC00132D15 /* Resources */ = {
			isa = PBXGroup;
			children = (
				9956B16A2F0CAFAC00132D15 /* Localizable.strings */,
			);
			path = Resources;
			sourceTree = "<group>";
		};
		9956B16D2F0CAFAC00132D15 /* Discovery */ = {
			isa = PBXGroup;
			children = (
				9956B16C2F0CAFAC00132D15 /* UDPDiscoveryService.swift */,
			);
			path = Discovery;
			sourceTree = "<group>";
		};
		9956B1712F0CAFAC00132D15 /* Network */ = {
			isa = PBXGroup;
			children = (
				9956B16E2F0CAFAC00132D15 /* APIEndpoints.swift */,
				9956B16F2F0CAFAC00132D15 /* HTTPClient.swift */,
				9956B1702F0CAFAC00132D15 /* NetworkError.swift */,
			);
			path = Network;
			sourceTree = "<group>";
		};
		9956B1742F0CAFAC00132D15 /* Speech */ = {
			isa = PBXGroup;
			children = (
				9956B1722F0CAFAC00132D15 /* KeywordInjectionManager.swift */,
				9956B1732F0CAFAC00132D15 /* SpeechRecognitionService.swift */,
			);
			path = Speech;
			sourceTree = "<group>";
		};
		9956B1762F0CAFAC00132D15 /* TTS */ = {
			isa = PBXGroup;
			children = (
				9956B1752F0CAFAC00132D15 /* TTSService.swift */,
			);
			path = TTS;
			sourceTree = "<group>";
		};
		9956B1772F0CAFAC00132D15 /* Services */ = {
			isa = PBXGroup;
			children = (
				9956B16D2F0CAFAC00132D15 /* Discovery */,
				9956B1712F0CAFAC00132D15 /* Network */,
				9956B1742F0CAFAC00132D15 /* Speech */,
				9956B1762F0CAFAC00132D15 /* TTS */,
			);
			path = Services;
			sourceTree = "<group>";
		};
		9956B17A2F0CAFAC00132D15 /* Extensions */ = {
			isa = PBXGroup;
			children = (
				9956B1782F0CAFAC00132D15 /* Publisher+Timeout.swift */,
				9956B1792F0CAFAC00132D15 /* View+Loading.swift */,
			);
			path = Extensions;
			sourceTree = "<group>";
		};
		9956B17D2F0CAFAC00132D15 /* Utilities */ = {
			isa = PBXGroup;
			children = (
				9956B17A2F0CAFAC00132D15 /* Extensions */,
				9956B17B2F0CAFAC00132D15 /* Constants.swift */,
				9956B17C2F0CAFAC00132D15 /* SoundPlayer.swift */,
			);
			path = Utilities;
			sourceTree = "<group>";
		};
		9956B1822F0CAFAC00132D15 /* ViewModels */ = {
			isa = PBXGroup;
			children = (
				9956B17E2F0CAFAC00132D15 /* GameMenuViewModel.swift */,
				9956B17F2F0CAFAC00132D15 /* GameSessionViewModel.swift */,
				9956B1802F0CAFAC00132D15 /* SettingsViewModel.swift */,
				9956B1812F0CAFAC00132D15 /* TTSSettingsViewModel.swift */,
			);
			path = ViewModels;
			sourceTree = "<group>";
		};
		9956B1852F0CAFAC00132D15 /* Components */ = {
			isa = PBXGroup;
			children = (
				990DBD682F0E022000E11848 /* ChatBubble.swift */,
				9956B1832F0CAFAC00132D15 /* CountdownIndicator.swift */,
				9956B1842F0CAFAC00132D15 /* StatusBanner.swift */,
			);
			path = Components;
			sourceTree = "<group>";
		};
		9956B1892F0CAFAC00132D15 /* Game */ = {
			isa = PBXGroup;
			children = (
				9956B1862F0CAFAC00132D15 /* GameSessionView.swift */,
				9956B1872F0CAFAC00132D15 /* LoadingOverlay.swift */,
				9956B1882F0CAFAC00132D15 /* RecordButton.swift */,
			);
			path = Game;
			sourceTree = "<group>";
		};
		9956B18B2F0CAFAC00132D15 /* Menu */ = {
			isa = PBXGroup;
			children = (
				9956B18A2F0CAFAC00132D15 /* GameMenuView.swift */,
			);
			path = Menu;
			sourceTree = "<group>";
		};
		9956B18F2F0CAFAC00132D15 /* Settings */ = {
			isa = PBXGroup;
			children = (
				9956B18C2F0CAFAC00132D15 /* ConnectionSettingsView.swift */,
				9956B18D2F0CAFAC00132D15 /* SettingsView.swift */,
				9956B18E2F0CAFAC00132D15 /* TTSSettingsView.swift */,
			);
			path = Settings;
			sourceTree = "<group>";
		};
		9956B1902F0CAFAC00132D15 /* Views */ = {
			isa = PBXGroup;
			children = (
				9956B1852F0CAFAC00132D15 /* Components */,
				9956B1892F0CAFAC00132D15 /* Game */,
				9956B18B2F0CAFAC00132D15 /* Menu */,
				9956B18F2F0CAFAC00132D15 /* Settings */,
			);
			path = Views;
			sourceTree = "<group>";
		};
		9956B1942F0CAFAC00132D15 /* ProjectAkkaApp */ = {
			isa = PBXGroup;
			children = (
				9956B15C2F0CAFAC00132D15 /* App */,
				9956B1612F0CAFAC00132D15 /* Managers */,
				9956B1692F0CAFAC00132D15 /* Models */,
				9956B16B2F0CAFAC00132D15 /* Resources */,
				9956B1772F0CAFAC00132D15 /* Services */,
				9956B17D2F0CAFAC00132D15 /* Utilities */,
				9956B1822F0CAFAC00132D15 /* ViewModels */,
				9956B1902F0CAFAC00132D15 /* Views */,
				9956B1912F0CAFAC00132D15 /* Assets.xcassets */,
				9956B1922F0CAFAC00132D15 /* ContentView.swift */,
			);
			path = ProjectAkkaApp;
			sourceTree = "<group>";
		};
/* End PBXGroup section */

/* Begin PBXNativeTarget section */
		991267E02F0CA87300DC322C /* ProjectAkkaApp */ = {
			isa = PBXNativeTarget;
			buildConfigurationList = 991267EC2F0CA87400DC322C /* Build configuration list for PBXNativeTarget "ProjectAkkaApp" */;
			buildPhases = (
				991267DD2F0CA87300DC322C /* Sources */,
				991267DE2F0CA87300DC322C /* Frameworks */,
				991267DF2F0CA87300DC322C /* Resources */,
			);
			buildRules = (
			);
			dependencies = (
			);
			name = ProjectAkkaApp;
			packageProductDependencies = (
			);
			productName = ProjectAkkaApp;
			productReference = 991267E12F0CA87300DC322C /* ProjectAkkaApp.app */;
			productType = "com.apple.product-type.application";
		};
/* End PBXNativeTarget section */

/* Begin PBXProject section */
		991267D92F0CA87300DC322C /* Project object */ = {
			isa = PBXProject;
			attributes = {
				BuildIndependentTargetsInParallel = 1;
				LastSwiftUpdateCheck = 2620;
				LastUpgradeCheck = 2620;
				TargetAttributes = {
					991267E02F0CA87300DC322C = {
						CreatedOnToolsVersion = 26.2;
					};
				};
			};
			buildConfigurationList = 991267DC2F0CA87300DC322C /* Build configuration list for PBXProject "ProjectAkkaApp" */;
			developmentRegion = en;
			hasScannedForEncodings = 0;
			knownRegions = (
				en,
				Base,
			);
			mainGroup = 991267D82F0CA87300DC322C;
			minimizedProjectReferenceProxies = 1;
			preferredProjectObjectVersion = 77;
			productRefGroup = 991267E22F0CA87300DC322C /* Products */;
			projectDirPath = "";
			projectRoot = "";
			targets = (
				991267E02F0CA87300DC322C /* ProjectAkkaApp */,
			);
		};
/* End PBXProject section */

/* Begin PBXResourcesBuildPhase section */
		991267DF2F0CA87300DC322C /* Resources */ = {
			isa = PBXResourcesBuildPhase;
			buildActionMask = 2147483647;
			files = (
				9956B1952F0CAFAC00132D15 /* Assets.xcassets in Resources */,
				9956B1962F0CAFAC00132D15 /* Localizable.strings in Resources */,
			);
			runOnlyForDeploymentPostprocessing = 0;
		};
/* End PBXResourcesBuildPhase section */

/* Begin PBXSourcesBuildPhase section */
		991267DD2F0CA87300DC322C /* Sources */ = {
			isa = PBXSourcesBuildPhase;
			buildActionMask = 2147483647;
			files = (
				9956B1972F0CAFAC00132D15 /* HistoryManager.swift in Sources */,
				990DBD692F0E022000E11848 /* ChatBubble.swift in Sources */,
				9956B1982F0CAFAC00132D15 /* SettingsView.swift in Sources */,
				9956B1992F0CAFAC00132D15 /* AppSettings.swift in Sources */,
				9956B19A2F0CAFAC00132D15 /* LoadingOverlay.swift in Sources */,
				9956B19B2F0CAFAC00132D15 /* GameSessionViewModel.swift in Sources */,
				9956B19C2F0CAFAC00132D15 /* SettingsViewModel.swift in Sources */,
				9956B19D2F0CAFAC00132D15 /* View+Loading.swift in Sources */,
				9956B19E2F0CAFAC00132D15 /* Game.swift in Sources */,
				9956B19F2F0CAFAC00132D15 /* AppDelegate.swift in Sources */,
				9956B1A12F0CAFAC00132D15 /* RecordButton.swift in Sources */,
				9956B1A22F0CAFAC00132D15 /* PermissionManager.swift in Sources */,
				9956B1A32F0CAFAC00132D15 /* TTSService.swift in Sources */,
				9956B1A42F0CAFAC00132D15 /* GameMenuView.swift in Sources */,
				9956B1A52F0CAFAC00132D15 /* SettingsStore.swift in Sources */,
				9956B1A62F0CAFAC00132D15 /* APIEndpoints.swift in Sources */,
				9956B1A72F0CAFAC00132D15 /* ChatRequest.swift in Sources */,
				9956B1A82F0CAFAC00132D15 /* SessionManager.swift in Sources */,
				9956B1A92F0CAFAC00132D15 /* HTTPClient.swift in Sources */,
				9956B1AA2F0CAFAC00132D15 /* StatusBanner.swift in Sources */,
				9956B1AB2F0CAFAC00132D15 /* SpeechRecognitionService.swift in Sources */,
				9956B1AC2F0CAFAC00132D15 /* ChatResponse.swift in Sources */,
				9956B1AD2F0CAFAC00132D15 /* KeywordsResponse.swift in Sources */,
				9956B1AE2F0CAFAC00132D15 /* ContentView.swift in Sources */,
				9956B1AF2F0CAFAC00132D15 /* KeywordInjectionManager.swift in Sources */,
				9956B1B02F0CAFAC00132D15 /* CountdownIndicator.swift in Sources */,
				9956B1B12F0CAFAC00132D15 /* Publisher+Timeout.swift in Sources */,
				9956B1B22F0CAFAC00132D15 /* ChatMessage.swift in Sources */,
				9956B1B32F0CAFAC00132D15 /* TTSSettingsViewModel.swift in Sources */,
				9956B1B42F0CAFAC00132D15 /* ServerDiscoveryResponse.swift in Sources */,
				9956B1B52F0CAFAC00132D15 /* SoundPlayer.swift in Sources */,
				9956B1B62F0CAFAC00132D15 /* NetworkError.swift in Sources */,
				9956B1B72F0CAFAC00132D15 /* UDPDiscoveryService.swift in Sources */,
				9956B1B82F0CAFAC00132D15 /* ConnectionSettingsView.swift in Sources */,
				9956B1B92F0CAFAC00132D15 /* GameMenuViewModel.swift in Sources */,
				9956B1BA2F0CAFAC00132D15 /* Constants.swift in Sources */,
				9956B1BB2F0CAFAC00132D15 /* GameSessionView.swift in Sources */,
				9956B1BC2F0CAFAC00132D15 /* TTSSettingsView.swift in Sources */,
				9956B1BD2F0CAFAC00132D15 /* ProjectAkkaApp.swift in Sources */,
			);
			runOnlyForDeploymentPostprocessing = 0;
		};
/* End PBXSourcesBuildPhase section */

/* Begin XCBuildConfiguration section */
		991267EA2F0CA87400DC322C /* Debug */ = {
			isa = XCBuildConfiguration;
			buildSettings = {
				ALWAYS_SEARCH_USER_PATHS = NO;
				ASSETCATALOG_COMPILER_GENERATE_SWIFT_ASSET_SYMBOL_EXTENSIONS = YES;
				CLANG_ANALYZER_NONNULL = YES;
				CLANG_ANALYZER_NUMBER_OBJECT_CONVERSION = YES_AGGRESSIVE;
				CLANG_CXX_LANGUAGE_STANDARD = "gnu++20";
				CLANG_ENABLE_MODULES = YES;
				CLANG_ENABLE_OBJC_ARC = YES;
				CLANG_ENABLE_OBJC_WEAK = YES;
				CLANG_WARN_BLOCK_CAPTURE_AUTORELEASING = YES;
				CLANG_WARN_BOOL_CONVERSION = YES;
				CLANG_WARN_COMMA = YES;
				CLANG_WARN_CONSTANT_CONVERSION = YES;
				CLANG_WARN_DEPRECATED_OBJC_IMPLEMENTATIONS = YES;
				CLANG_WARN_DIRECT_OBJC_ISA_USAGE = YES_ERROR;
				CLANG_WARN_DOCUMENTATION_COMMENTS = YES;
				CLANG_WARN_EMPTY_BODY = YES;
				CLANG_WARN_ENUM_CONVERSION = YES;
				CLANG_WARN_INFINITE_RECURSION = YES;
				CLANG_WARN_INT_CONVERSION = YES;
				CLANG_WARN_NON_LITERAL_NULL_CONVERSION = YES;
				CLANG_WARN_OBJC_IMPLICIT_RETAIN_SELF = YES;
				CLANG_WARN_OBJC_LITERAL_CONVERSION = YES;
				CLANG_WARN_OBJC_ROOT_CLASS = YES_ERROR;
				CLANG_WARN_QUOTED_INCLUDE_IN_FRAMEWORK_HEADER = YES;
				CLANG_WARN_RANGE_LOOP_ANALYSIS = YES;
				CLANG_WARN_STRICT_PROTOTYPES = YES;
				CLANG_WARN_SUSPICIOUS_MOVE = YES;
				CLANG_WARN_UNGUARDED_AVAILABILITY = YES_AGGRESSIVE;
				CLANG_WARN_UNREACHABLE_CODE = YES;
				CLANG_WARN__DUPLICATE_METHOD_MATCH = YES;
				COPY_PHASE_STRIP = NO;
				DEBUG_INFORMATION_FORMAT = dwarf;
				DEVELOPMENT_TEAM = U2L7ZJ7SL7;
				ENABLE_STRICT_OBJC_MSGSEND = YES;
				ENABLE_TESTABILITY = YES;
				ENABLE_USER_SCRIPT_SANDBOXING = YES;
				GCC_C_LANGUAGE_STANDARD = gnu17;
				GCC_DYNAMIC_NO_PIC = NO;
				GCC_NO_COMMON_BLOCKS = YES;
				GCC_OPTIMIZATION_LEVEL = 0;
				GCC_PREPROCESSOR_DEFINITIONS = (
					"DEBUG=1",
					"$(inherited)",
				);
				GCC_WARN_64_TO_32_BIT_CONVERSION = YES;
				GCC_WARN_ABOUT_RETURN_TYPE = YES_ERROR;
				GCC_WARN_UNDECLARED_SELECTOR = YES;
				GCC_WARN_UNINITIALIZED_AUTOS = YES_AGGRESSIVE;
				GCC_WARN_UNUSED_FUNCTION = YES;
				GCC_WARN_UNUSED_VARIABLE = YES;
				IPHONEOS_DEPLOYMENT_TARGET = 26.2;
				LOCALIZATION_PREFERS_STRING_CATALOGS = YES;
				MTL_ENABLE_DEBUG_INFO = INCLUDE_SOURCE;
				MTL_FAST_MATH = YES;
				ONLY_ACTIVE_ARCH = YES;
				SDKROOT = iphoneos;
				SWIFT_ACTIVE_COMPILATION_CONDITIONS = "DEBUG $(inherited)";
				SWIFT_OPTIMIZATION_LEVEL = "-Onone";
			};
			name = Debug;
		};
		991267EB2F0CA87400DC322C /* Release */ = {
			isa = XCBuildConfiguration;
			buildSettings = {
				ALWAYS_SEARCH_USER_PATHS = NO;
				ASSETCATALOG_COMPILER_GENERATE_SWIFT_ASSET_SYMBOL_EXTENSIONS = YES;
				CLANG_ANALYZER_NONNULL = YES;
				CLANG_ANALYZER_NUMBER_OBJECT_CONVERSION = YES_AGGRESSIVE;
				CLANG_CXX_LANGUAGE_STANDARD = "gnu++20";
				CLANG_ENABLE_MODULES = YES;
				CLANG_ENABLE_OBJC_ARC = YES;
				CLANG_ENABLE_OBJC_WEAK = YES;
				CLANG_WARN_BLOCK_CAPTURE_AUTORELEASING = YES;
				CLANG_WARN_BOOL_CONVERSION = YES;
				CLANG_WARN_COMMA = YES;
				CLANG_WARN_CONSTANT_CONVERSION = YES;
				CLANG_WARN_DEPRECATED_OBJC_IMPLEMENTATIONS = YES;
				CLANG_WARN_DIRECT_OBJC_ISA_USAGE = YES_ERROR;
				CLANG_WARN_DOCUMENTATION_COMMENTS = YES;
				CLANG_WARN_EMPTY_BODY = YES;
				CLANG_WARN_ENUM_CONVERSION = YES;
				CLANG_WARN_INFINITE_RECURSION = YES;
				CLANG_WARN_INT_CONVERSION = YES;
				CLANG_WARN_NON_LITERAL_NULL_CONVERSION = YES;
				CLANG_WARN_OBJC_IMPLICIT_RETAIN_SELF = YES;
				CLANG_WARN_OBJC_LITERAL_CONVERSION = YES;
				CLANG_WARN_OBJC_ROOT_CLASS = YES_ERROR;
				CLANG_WARN_QUOTED_INCLUDE_IN_FRAMEWORK_HEADER = YES;
				CLANG_WARN_RANGE_LOOP_ANALYSIS = YES;
				CLANG_WARN_STRICT_PROTOTYPES = YES;
				CLANG_WARN_SUSPICIOUS_MOVE = YES;
				CLANG_WARN_UNGUARDED_AVAILABILITY = YES_AGGRESSIVE;
				CLANG_WARN_UNREACHABLE_CODE = YES;
				CLANG_WARN__DUPLICATE_METHOD_MATCH = YES;
				COPY_PHASE_STRIP = NO;
				DEBUG_INFORMATION_FORMAT = "dwarf-with-dsym";
				DEVELOPMENT_TEAM = U2L7ZJ7SL7;
				ENABLE_NS_ASSERTIONS = NO;
				ENABLE_STRICT_OBJC_MSGSEND = YES;
				ENABLE_USER_SCRIPT_SANDBOXING = YES;
				GCC_C_LANGUAGE_STANDARD = gnu17;
				GCC_NO_COMMON_BLOCKS = YES;
				GCC_WARN_64_TO_32_BIT_CONVERSION = YES;
				GCC_WARN_ABOUT_RETURN_TYPE = YES_ERROR;
				GCC_WARN_UNDECLARED_SELECTOR = YES;
				GCC_WARN_UNINITIALIZED_AUTOS = YES_AGGRESSIVE;
				GCC_WARN_UNUSED_FUNCTION = YES;
				GCC_WARN_UNUSED_VARIABLE = YES;
				IPHONEOS_DEPLOYMENT_TARGET = 26.2;
				LOCALIZATION_PREFERS_STRING_CATALOGS = YES;
				MTL_ENABLE_DEBUG_INFO = NO;
				MTL_FAST_MATH = YES;
				SDKROOT = iphoneos;
				SWIFT_COMPILATION_MODE = wholemodule;
				VALIDATE_PRODUCT = YES;
			};
			name = Release;
		};
		991267ED2F0CA87400DC322C /* Debug */ = {
			isa = XCBuildConfiguration;
			buildSettings = {
				ASSETCATALOG_COMPILER_APPICON_NAME = AppIcon;
				ASSETCATALOG_COMPILER_GLOBAL_ACCENT_COLOR_NAME = AccentColor;
				CODE_SIGN_STYLE = Automatic;
				CURRENT_PROJECT_VERSION = 1;
				DEVELOPMENT_TEAM = U2L7ZJ7SL7;
				ENABLE_PREVIEWS = YES;
				GENERATE_INFOPLIST_FILE = YES;
				INFOPLIST_FILE = ProjectAkkaApp/Info.plist;
				INFOPLIST_KEY_LSApplicationCategoryType = "";
				INFOPLIST_KEY_NSLocalNetworkUsageDescription = "需要區域網路權限以連接桌遊助手伺服器";
				INFOPLIST_KEY_NSMicrophoneUsageDescription = "需要麥克風權限以進行語音輸入";
				INFOPLIST_KEY_NSSpeechRecognitionUsageDescription = "需要語音辨識權限以將語音轉換為文字";
				INFOPLIST_KEY_UIApplicationSceneManifest_Generation = YES;
				INFOPLIST_KEY_UIApplicationSupportsIndirectInputEvents = YES;
				INFOPLIST_KEY_UILaunchScreen_Generation = YES;
				INFOPLIST_KEY_UISupportedInterfaceOrientations_iPad = "UIInterfaceOrientationPortrait UIInterfaceOrientationPortraitUpsideDown UIInterfaceOrientationLandscapeLeft UIInterfaceOrientationLandscapeRight";
				INFOPLIST_KEY_UISupportedInterfaceOrientations_iPhone = "UIInterfaceOrientationPortrait UIInterfaceOrientationLandscapeLeft UIInterfaceOrientationLandscapeRight";
				IPHONEOS_DEPLOYMENT_TARGET = 16.6;
				LD_RUNPATH_SEARCH_PATHS = (
					"$(inherited)",
					"@executable_path/Frameworks",
				);
				MARKETING_VERSION = 1.0;
				PRODUCT_BUNDLE_IDENTIFIER = SengFu.ProjectAkkaApp;
				PRODUCT_NAME = "$(TARGET_NAME)";
				STRING_CATALOG_GENERATE_SYMBOLS = YES;
				SWIFT_APPROACHABLE_CONCURRENCY = YES;
				SWIFT_DEFAULT_ACTOR_ISOLATION = MainActor;
				SWIFT_EMIT_LOC_STRINGS = YES;
				SWIFT_UPCOMING_FEATURE_MEMBER_IMPORT_VISIBILITY = YES;
				SWIFT_VERSION = 5.0;
				TARGETED_DEVICE_FAMILY = "1,2";
			};
			name = Debug;
		};
		991267EE2F0CA87400DC322C /* Release */ = {
			isa = XCBuildConfiguration;
			buildSettings = {
				ASSETCATALOG_COMPILER_APPICON_NAME = AppIcon;
				ASSETCATALOG_COMPILER_GLOBAL_ACCENT_COLOR_NAME = AccentColor;
				CODE_SIGN_STYLE = Automatic;
				CURRENT_PROJECT_VERSION = 1;
				DEVELOPMENT_TEAM = U2L7ZJ7SL7;
				ENABLE_PREVIEWS = YES;
				GENERATE_INFOPLIST_FILE = YES;
				INFOPLIST_FILE = ProjectAkkaApp/Info.plist;
				INFOPLIST_KEY_LSApplicationCategoryType = "";
				INFOPLIST_KEY_NSLocalNetworkUsageDescription = "需要區域網路權限以連接桌遊助手伺服器";
				INFOPLIST_KEY_NSMicrophoneUsageDescription = "需要麥克風權限以進行語音輸入";
				INFOPLIST_KEY_NSSpeechRecognitionUsageDescription = "需要語音辨識權限以將語音轉換為文字";
				INFOPLIST_KEY_UIApplicationSceneManifest_Generation = YES;
				INFOPLIST_KEY_UIApplicationSupportsIndirectInputEvents = YES;
				INFOPLIST_KEY_UILaunchScreen_Generation = YES;
				INFOPLIST_KEY_UISupportedInterfaceOrientations_iPad = "UIInterfaceOrientationPortrait UIInterfaceOrientationPortraitUpsideDown UIInterfaceOrientationLandscapeLeft UIInterfaceOrientationLandscapeRight";
				INFOPLIST_KEY_UISupportedInterfaceOrientations_iPhone = "UIInterfaceOrientationPortrait UIInterfaceOrientationLandscapeLeft UIInterfaceOrientationLandscapeRight";
				IPHONEOS_DEPLOYMENT_TARGET = 16.6;
				LD_RUNPATH_SEARCH_PATHS = (
					"$(inherited)",
					"@executable_path/Frameworks",
				);
				MARKETING_VERSION = 1.0;
				PRODUCT_BUNDLE_IDENTIFIER = SengFu.ProjectAkkaApp;
				PRODUCT_NAME = "$(TARGET_NAME)";
				STRING_CATALOG_GENERATE_SYMBOLS = YES;
				SWIFT_APPROACHABLE_CONCURRENCY = YES;
				SWIFT_DEFAULT_ACTOR_ISOLATION = MainActor;
				SWIFT_EMIT_LOC_STRINGS = YES;
				SWIFT_UPCOMING_FEATURE_MEMBER_IMPORT_VISIBILITY = YES;
				SWIFT_VERSION = 5.0;
				TARGETED_DEVICE_FAMILY = "1,2";
			};
			name = Release;
		};
/* End XCBuildConfiguration section */

/* Begin XCConfigurationList section */
		991267DC2F0CA87300DC322C /* Build configuration list for PBXProject "ProjectAkkaApp" */ = {
			isa = XCConfigurationList;
			buildConfigurations = (
				991267EA2F0CA87400DC322C /* Debug */,
				991267EB2F0CA87400DC322C /* Release */,
			);
			defaultConfigurationIsVisible = 0;
			defaultConfigurationName = Release;
		};
		991267EC2F0CA87400DC322C /* Build configuration list for PBXNativeTarget "ProjectAkkaApp" */ = {
			isa = XCConfigurationList;
			buildConfigurations = (
				991267ED2F0CA87400DC322C /* Debug */,
				991267EE2F0CA87400DC322C /* Release */,
			);
			defaultConfigurationIsVisible = 0;
			defaultConfigurationName = Release;
		};
/* End XCConfigurationList section */
	};
	rootObject = 991267D92F0CA87300DC322C /* Project object */;
}
